
Microsoft Visual Studio Solution File, Format Version 12.00
# Visual Studio Version 16
VisualStudioVersion = 16.0.29424.173
MinimumVisualStudioVersion = 10.0.40219.1
Project("{9A19103F-16F7-4668-BE54-9A1E7A4F7556}") = "Retail.API", "Retail.API\Retail.API.csproj", "{E94FCCFD-9F8D-404C-961A-BBD77526D53B}"
EndProject
Project("{9A19103F-16F7-4668-BE54-9A1E7A4F7556}") = "Retail.DAL", "Retail.DAL\Retail.DAL.csproj", "{C00E05F1-A8AA-48EF-BAF2-87DF3FB7EEBD}"
EndProject
Project("{9A19103F-16F7-4668-BE54-9A1E7A4F7556}") = "Retail.Util", "Retail.Util\Retail.Util.csproj", "{91707F19-CADA-44ED-8C94-A80C0D16B4F4}"
EndProject
Project("{9A19103F-16F7-4668-BE54-9A1E7A4F7556}") = "Web", "Web\Web.csproj", "{B3962CE6-A1BA-4A37-BC94-31A3DB76D1AF}"
EndProject
Global
	GlobalSection(SolutionConfigurationPlatforms) = preSolution
		Debug|Any CPU = Debug|Any CPU
		Release|Any CPU = Release|Any CPU
	EndGlobalSection
	GlobalSection(ProjectConfigurationPlatforms) = postSolution
		{E94FCCFD-9F8D-404C-961A-BBD77526D53B}.Debug|Any CPU.ActiveCfg = Debug|Any CPU
		{E94FCCFD-9F8D-404C-961A-BBD77526D53B}.Debug|Any CPU.Build.0 = Debug|Any CPU
		{E94FCCFD-9F8D-404C-961A-BBD77526D53B}.Release|Any CPU.ActiveCfg = Release|Any CPU
		{E94FCCFD-9F8D-404C-961A-BBD77526D53B}.Release|Any CPU.Build.0 = Release|Any CPU
		{C00E05F1-A8AA-48EF-BAF2-87DF3FB7EEBD}.Debug|Any CPU.ActiveCfg = Debug|Any CPU
		{C00E05F1-A8AA-48EF-BAF2-87DF3FB7EEBD}.Debug|Any CPU.Build.0 = Debug|Any CPU
		{C00E05F1-A8AA-48EF-BAF2-87DF3FB7EEBD}.Release|Any CPU.ActiveCfg = Release|Any CPU
		{C00E05F1-A8AA-48EF-BAF2-87DF3FB7EEBD}.Release|Any CPU.Build.0 = Release|Any CPU
		{91707F19-CADA-44ED-8C94-A80C0D16B4F4}.Debug|Any CPU.ActiveCfg = Debug|Any CPU
		{91707F19-CADA-44ED-8C94-A80C0D16B4F4}.Debug|Any CPU.Build.0 = Debug|Any CPU
		{91707F19-CADA-44ED-8C94-A80C0D16B4F4}.Release|Any CPU.ActiveCfg = Release|Any CPU
		{91707F19-CADA-44ED-8C94-A80C0D16B4F4}.Release|Any CPU.Build.0 = Release|Any CPU
		{B3962CE6-A1BA-4A37-BC94-31A3DB76D1AF}.Debug|Any CPU.ActiveCfg = Debug|Any CPU
		{B3962CE6-A1BA-4A37-BC94-31A3DB76D1AF}.Debug|Any CPU.Build.0 = Debug|Any CPU
		{B3962CE6-A1BA-4A37-BC94-31A3DB76D1AF}.Release|Any CPU.ActiveCfg = Release|Any CPU
		{B3962CE6-A1BA-4A37-BC94-31A3DB76D1AF}.Release|Any CPU.Build.0 = Release|Any CPU
	EndGlobalSection
	GlobalSection(SolutionProperties) = preSolution
		HideSolutionNode = FALSE
	EndGlobalSection
	GlobalSection(ExtensibilityGlobals) = postSolution
		SolutionGuid = {BD80ED3B-53D2-4B3E-809A-ED230B5F843B}
	EndGlobalSection
EndGlobal
